
Microsoft Visual Studio Solution File, Format Version 12.00
# Visual Studio Version 17
VisualStudioVersion = 17.5.002.0
MinimumVisualStudioVersion = 10.0.40219.1
Project("{9A19103F-16F7-4668-BE54-9A1E7A4F7556}") = "Biblioteca", "Biblioteca.csproj", "{9555E40B-117E-4ED0-88D9-C66F746AA483}"
EndProject
Global
	GlobalSection(SolutionConfigurationPlatforms) = preSolution
		Debug|Any CPU = Debug|Any CPU
		Release|Any CPU = Release|Any CPU
	EndGlobalSection
	GlobalSection(ProjectConfigurationPlatforms) = postSolution
		{9555E40B-117E-4ED0-88D9-C66F746AA483}.Debug|Any CPU.ActiveCfg = Debug|Any CPU
		{9555E40B-117E-4ED0-88D9-C66F746AA483}.Debug|Any CPU.Build.0 = Debug|Any CPU
		{9555E40B-117E-4ED0-88D9-C66F746AA483}.Release|Any CPU.ActiveCfg = Release|Any CPU
		{9555E40B-117E-4ED0-88D9-C66F746AA483}.Release|Any CPU.Build.0 = Release|Any CPU
	EndGlobalSection
	GlobalSection(SolutionProperties) = preSolution
		HideSolutionNode = FALSE
	EndGlobalSection
	GlobalSection(ExtensibilityGlobals) = postSolution
		SolutionGuid = {0953E919-2295-4028-AD2B-2BF468AA21F6}
	EndGlobalSection
EndGlobal
